
Microsoft Visual Studio Solution File, Format Version 12.00
# Visual Studio Version 17
VisualStudioVersion = 17.6.33712.159
MinimumVisualStudioVersion = 10.0.40219.1
Project("{FAE04EC0-301F-11D3-BF4B-00C04F79EFBC}") = "CINEMA_WEB3", "CINEMA_WEB3\CINEMA_WEB3.csproj", "{BE93F68B-A25D-4DA4-9622-D1772C96EEA9}"
EndProject
Global
	GlobalSection(SolutionConfigurationPlatforms) = preSolution
		Debug|Any CPU = Debug|Any CPU
		Release|Any CPU = Release|Any CPU
	EndGlobalSection
	GlobalSection(ProjectConfigurationPlatforms) = postSolution
		{BE93F68B-A25D-4DA4-9622-D1772C96EEA9}.Debug|Any CPU.ActiveCfg = Debug|Any CPU
		{BE93F68B-A25D-4DA4-9622-D1772C96EEA9}.Debug|Any CPU.Build.0 = Debug|Any CPU
		{BE93F68B-A25D-4DA4-9622-D1772C96EEA9}.Release|Any CPU.ActiveCfg = Release|Any CPU
		{BE93F68B-A25D-4DA4-9622-D1772C96EEA9}.Release|Any CPU.Build.0 = Release|Any CPU
	EndGlobalSection
	GlobalSection(SolutionProperties) = preSolution
		HideSolutionNode = FALSE
	EndGlobalSection
	GlobalSection(ExtensibilityGlobals) = postSolution
		SolutionGuid = {CB5761DA-754F-41BD-9558-9F65ABA1572C}
	EndGlobalSection
EndGlobal
